
Microsoft Visual Studio Solution File, Format Version 12.00
# Visual Studio 14
VisualStudioVersion = 14.0.25420.1
MinimumVisualStudioVersion = 10.0.40219.1
Project("{FAE04EC0-301F-11D3-BF4B-00C04F79EFBC}") = "TBA 2.0 CSharp", "TBA 2.0 CSharp\TBA 2.0 CSharp.csproj", "{8018AE73-C2A0-4C83-8DC8-37873E60A26C}"
EndProject
Global
	GlobalSection(SolutionConfigurationPlatforms) = preSolution
		Debug|Any CPU = Debug|Any CPU
		Release|Any CPU = Release|Any CPU
	EndGlobalSection
	GlobalSection(ProjectConfigurationPlatforms) = postSolution
		{8018AE73-C2A0-4C83-8DC8-37873E60A26C}.Debug|Any CPU.ActiveCfg = Debug|Any CPU
		{8018AE73-C2A0-4C83-8DC8-37873E60A26C}.Debug|Any CPU.Build.0 = Debug|Any CPU
		{8018AE73-C2A0-4C83-8DC8-37873E60A26C}.Release|Any CPU.ActiveCfg = Release|Any CPU
		{8018AE73-C2A0-4C83-8DC8-37873E60A26C}.Release|Any CPU.Build.0 = Release|Any CPU
	EndGlobalSection
	GlobalSection(SolutionProperties) = preSolution
		HideSolutionNode = FALSE
	EndGlobalSection
EndGlobal
